
Microsoft Visual Studio Solution File, Format Version 12.00
# Visual Studio 14
VisualStudioVersion = 14.0.25123.0
MinimumVisualStudioVersion = 10.0.40219.1
Project("{FAE04EC0-301F-11D3-BF4B-00C04F79EFBC}") = "MyScript Math Sample", "MyScript Math Sample\MyScript Math Sample.csproj", "{87BA1318-62B1-42E7-844B-37DF2EDEACC5}"
EndProject
Project("{FAE04EC0-301F-11D3-BF4B-00C04F79EFBC}") = "MyScript Math SampleWeb", "MyScript Math SampleWeb\MyScript Math SampleWeb.csproj", "{84C19B55-D138-4034-81A5-D27F44EC63D8}"
EndProject
Global
	GlobalSection(SolutionConfigurationPlatforms) = preSolution
		Debug|Any CPU = Debug|Any CPU
		Release|Any CPU = Release|Any CPU
	EndGlobalSection
	GlobalSection(ProjectConfigurationPlatforms) = postSolution
		{87BA1318-62B1-42E7-844B-37DF2EDEACC5}.Debug|Any CPU.ActiveCfg = Debug|Any CPU
		{87BA1318-62B1-42E7-844B-37DF2EDEACC5}.Debug|Any CPU.Build.0 = Debug|Any CPU
		{87BA1318-62B1-42E7-844B-37DF2EDEACC5}.Debug|Any CPU.Deploy.0 = Debug|Any CPU
		{87BA1318-62B1-42E7-844B-37DF2EDEACC5}.Release|Any CPU.ActiveCfg = Release|Any CPU
		{87BA1318-62B1-42E7-844B-37DF2EDEACC5}.Release|Any CPU.Build.0 = Release|Any CPU
		{87BA1318-62B1-42E7-844B-37DF2EDEACC5}.Release|Any CPU.Deploy.0 = Release|Any CPU
		{84C19B55-D138-4034-81A5-D27F44EC63D8}.Debug|Any CPU.ActiveCfg = Debug|Any CPU
		{84C19B55-D138-4034-81A5-D27F44EC63D8}.Debug|Any CPU.Build.0 = Debug|Any CPU
		{84C19B55-D138-4034-81A5-D27F44EC63D8}.Release|Any CPU.ActiveCfg = Release|Any CPU
		{84C19B55-D138-4034-81A5-D27F44EC63D8}.Release|Any CPU.Build.0 = Release|Any CPU
	EndGlobalSection
	GlobalSection(SolutionProperties) = preSolution
		HideSolutionNode = FALSE
	EndGlobalSection
EndGlobal
