
Microsoft Visual Studio Solution File, Format Version 12.00
# Visual Studio 14
VisualStudioVersion = 14.0.25123.0
MinimumVisualStudioVersion = 10.0.40219.1
Project("{FAE04EC0-301F-11D3-BF4B-00C04F79EFBC}") = "MyScript Math Sample", "MyScript Math Sample\MyScript Math Sample.csproj", "{D6E8FF34-8E97-47B2-9058-BE50A807530B}"
EndProject
Project("{FAE04EC0-301F-11D3-BF4B-00C04F79EFBC}") = "MyScript Math SampleWeb", "MyScript Math SampleWeb\MyScript Math SampleWeb.csproj", "{914BCEE8-FFC8-401D-9710-15DDA5B9A08A}"
EndProject
Global
	GlobalSection(SolutionConfigurationPlatforms) = preSolution
		Debug|Any CPU = Debug|Any CPU
		Release|Any CPU = Release|Any CPU
	EndGlobalSection
	GlobalSection(ProjectConfigurationPlatforms) = postSolution
		{D6E8FF34-8E97-47B2-9058-BE50A807530B}.Debug|Any CPU.ActiveCfg = Debug|Any CPU
		{D6E8FF34-8E97-47B2-9058-BE50A807530B}.Debug|Any CPU.Build.0 = Debug|Any CPU
		{D6E8FF34-8E97-47B2-9058-BE50A807530B}.Debug|Any CPU.Deploy.0 = Debug|Any CPU
		{D6E8FF34-8E97-47B2-9058-BE50A807530B}.Release|Any CPU.ActiveCfg = Release|Any CPU
		{D6E8FF34-8E97-47B2-9058-BE50A807530B}.Release|Any CPU.Build.0 = Release|Any CPU
		{D6E8FF34-8E97-47B2-9058-BE50A807530B}.Release|Any CPU.Deploy.0 = Release|Any CPU
		{914BCEE8-FFC8-401D-9710-15DDA5B9A08A}.Debug|Any CPU.ActiveCfg = Debug|Any CPU
		{914BCEE8-FFC8-401D-9710-15DDA5B9A08A}.Debug|Any CPU.Build.0 = Debug|Any CPU
		{914BCEE8-FFC8-401D-9710-15DDA5B9A08A}.Release|Any CPU.ActiveCfg = Release|Any CPU
		{914BCEE8-FFC8-401D-9710-15DDA5B9A08A}.Release|Any CPU.Build.0 = Release|Any CPU
	EndGlobalSection
	GlobalSection(SolutionProperties) = preSolution
		HideSolutionNode = FALSE
	EndGlobalSection
EndGlobal
